{
	"name": "infrascan",
	"lockfileVersion": 2,
	"requires": true,
	"packages": {
		"": {
			"workspaces": [
				"packages/*"
			],
			"devDependencies": {
				"turbo": "^1.9.9"
			}
		},
		"node_modules/@infrascan/cli": {
			"resolved": "packages/infrascan-cli",
			"link": true
		},
		"node_modules/@infrascan/sdk": {
			"resolved": "packages/infrascan-sdk",
			"link": true
		},
		"node_modules/turbo": {
			"version": "1.9.9",
			"resolved": "https://registry.npmjs.org/turbo/-/turbo-1.9.9.tgz",
			"integrity": "sha512-+ZS66LOT7ahKHxh6XrIdcmf2Yk9mNpAbPEj4iF2cs0cAeaDU3xLVPZFF0HbSho89Uxwhx7b5HBgPbdcjQTwQkg==",
			"dev": true,
			"hasInstallScript": true,
			"bin": {
				"turbo": "bin/turbo"
			},
			"optionalDependencies": {
				"turbo-darwin-64": "1.9.9",
				"turbo-darwin-arm64": "1.9.9",
				"turbo-linux-64": "1.9.9",
				"turbo-linux-arm64": "1.9.9",
				"turbo-windows-64": "1.9.9",
				"turbo-windows-arm64": "1.9.9"
			}
		},
		"node_modules/turbo-darwin-64": {
			"version": "1.9.9",
			"cpu": [
				"x64"
			],
			"dev": true,
			"license": "MPL-2.0",
			"optional": true,
			"os": [
				"darwin"
			]
		},
		"node_modules/turbo-darwin-arm64": {
			"version": "1.9.9",
			"resolved": "https://registry.npmjs.org/turbo-darwin-arm64/-/turbo-darwin-arm64-1.9.9.tgz",
			"integrity": "sha512-VyfkXzTJpYLTAQ9krq2myyEq7RPObilpS04lgJ4OO1piq76RNmSpX9F/t9JCaY9Pj/4TL7i0d8PM7NGhwEA5Ag==",
			"cpu": [
				"arm64"
			],
			"dev": true,
			"optional": true,
			"os": [
				"darwin"
			]
		},
		"node_modules/turbo-linux-64": {
			"version": "1.9.9",
			"resolved": "https://registry.npmjs.org/turbo-linux-64/-/turbo-linux-64-1.9.9.tgz",
			"integrity": "sha512-Fu1MY29Odg8dHOqXcpIIGC3T63XLOGgnGfbobXMKdrC7JQDvtJv8TUCYciRsyknZYjyyKK1z6zKuYIiDjf3KeQ==",
			"cpu": [
				"x64"
			],
			"dev": true,
			"optional": true,
			"os": [
				"linux"
			]
		},
		"node_modules/turbo-linux-arm64": {
			"version": "1.9.9",
			"resolved": "https://registry.npmjs.org/turbo-linux-arm64/-/turbo-linux-arm64-1.9.9.tgz",
			"integrity": "sha512-50LI8NafPuJxdnMCBeDdzgyt1cgjQG7FwkyY336v4e95WJPUVjrHdrKH6jYXhOUyrv9+jCJxwX1Yrg02t5yJ1g==",
			"cpu": [
				"arm64"
			],
			"dev": true,
			"optional": true,
			"os": [
				"linux"
			]
		},
		"node_modules/turbo-windows-64": {
			"version": "1.9.9",
			"resolved": "https://registry.npmjs.org/turbo-windows-64/-/turbo-windows-64-1.9.9.tgz",
			"integrity": "sha512-9IsTReoLmQl1IRsy3WExe2j2RKWXQyXujfJ4fXF+jp08KxjVF4/tYP2CIRJx/A7UP/7keBta27bZqzAjsmbSTA==",
			"cpu": [
				"x64"
			],
			"dev": true,
			"optional": true,
			"os": [
				"win32"
			]
		},
		"node_modules/turbo-windows-arm64": {
			"version": "1.9.9",
			"resolved": "https://registry.npmjs.org/turbo-windows-arm64/-/turbo-windows-arm64-1.9.9.tgz",
			"integrity": "sha512-CUu4hpeQo68JjDr0V0ygTQRLbS+/sNfdqEVV+Xz9136vpKn2WMQLAuUBVZV0Sp0S/7i+zGnplskT0fED+W46wQ==",
			"cpu": [
				"arm64"
			],
			"dev": true,
			"optional": true,
			"os": [
				"win32"
			]
		},
		"packages/infrascan-cli": {
			"name": "@infrascan/cli",
			"version": "0.1.3",
			"license": "ISC",
			"dependencies": {
				"@infrascan/sdk": "^0.2.3",
				"aws-sdk": "^2.1309.0",
				"minimatch": "^6.1.6"
			}
		},
		"packages/infrascan-cli/node_modules/available-typed-arrays": {
			"version": "1.0.5",
			"license": "MIT",
			"engines": {
				"node": ">= 0.4"
			},
			"funding": {
				"url": "https://github.com/sponsors/ljharb"
			}
		},
		"packages/infrascan-cli/node_modules/aws-sdk": {
			"version": "2.1309.0",
			"license": "Apache-2.0",
			"dependencies": {
				"buffer": "4.9.2",
				"events": "1.1.1",
				"ieee754": "1.1.13",
				"jmespath": "0.16.0",
				"querystring": "0.2.0",
				"sax": "1.2.1",
				"url": "0.10.3",
				"util": "^0.12.4",
				"uuid": "8.0.0",
				"xml2js": "0.4.19"
			},
			"engines": {
				"node": ">= 10.0.0"
			}
		},
		"packages/infrascan-cli/node_modules/balanced-match": {
			"version": "1.0.2",
			"license": "MIT"
		},
		"packages/infrascan-cli/node_modules/base64-js": {
			"version": "1.5.1",
			"funding": [
				{
					"type": "github",
					"url": "https://github.com/sponsors/feross"
				},
				{
					"type": "patreon",
					"url": "https://www.patreon.com/feross"
				},
				{
					"type": "consulting",
					"url": "https://feross.org/support"
				}
			],
			"license": "MIT"
		},
		"packages/infrascan-cli/node_modules/brace-expansion": {
			"version": "2.0.1",
			"license": "MIT",
			"dependencies": {
				"balanced-match": "^1.0.0"
			}
		},
		"packages/infrascan-cli/node_modules/buffer": {
			"version": "4.9.2",
			"license": "MIT",
			"dependencies": {
				"base64-js": "^1.0.2",
				"ieee754": "^1.1.4",
				"isarray": "^1.0.0"
			}
		},
		"packages/infrascan-cli/node_modules/call-bind": {
			"version": "1.0.2",
			"license": "MIT",
			"dependencies": {
				"function-bind": "^1.1.1",
				"get-intrinsic": "^1.0.2"
			},
			"funding": {
				"url": "https://github.com/sponsors/ljharb"
			}
		},
		"packages/infrascan-cli/node_modules/events": {
			"version": "1.1.1",
			"license": "MIT",
			"engines": {
				"node": ">=0.4.x"
			}
		},
		"packages/infrascan-cli/node_modules/for-each": {
			"version": "0.3.3",
			"license": "MIT",
			"dependencies": {
				"is-callable": "^1.1.3"
			}
		},
		"packages/infrascan-cli/node_modules/function-bind": {
			"version": "1.1.1",
			"license": "MIT"
		},
		"packages/infrascan-cli/node_modules/get-intrinsic": {
			"version": "1.2.0",
			"license": "MIT",
			"dependencies": {
				"function-bind": "^1.1.1",
				"has": "^1.0.3",
				"has-symbols": "^1.0.3"
			},
			"funding": {
				"url": "https://github.com/sponsors/ljharb"
			}
		},
		"packages/infrascan-cli/node_modules/gopd": {
			"version": "1.0.1",
			"license": "MIT",
			"dependencies": {
				"get-intrinsic": "^1.1.3"
			},
			"funding": {
				"url": "https://github.com/sponsors/ljharb"
			}
		},
		"packages/infrascan-cli/node_modules/has": {
			"version": "1.0.3",
			"license": "MIT",
			"dependencies": {
				"function-bind": "^1.1.1"
			},
			"engines": {
				"node": ">= 0.4.0"
			}
		},
		"packages/infrascan-cli/node_modules/has-symbols": {
			"version": "1.0.3",
			"license": "MIT",
			"engines": {
				"node": ">= 0.4"
			},
			"funding": {
				"url": "https://github.com/sponsors/ljharb"
			}
		},
		"packages/infrascan-cli/node_modules/has-tostringtag": {
			"version": "1.0.0",
			"license": "MIT",
			"dependencies": {
				"has-symbols": "^1.0.2"
			},
			"engines": {
				"node": ">= 0.4"
			},
			"funding": {
				"url": "https://github.com/sponsors/ljharb"
			}
		},
		"packages/infrascan-cli/node_modules/ieee754": {
			"version": "1.1.13",
			"license": "BSD-3-Clause"
		},
		"packages/infrascan-cli/node_modules/inherits": {
			"version": "2.0.4",
			"license": "ISC"
		},
		"packages/infrascan-cli/node_modules/is-arguments": {
			"version": "1.1.1",
			"license": "MIT",
			"dependencies": {
				"call-bind": "^1.0.2",
				"has-tostringtag": "^1.0.0"
			},
			"engines": {
				"node": ">= 0.4"
			},
			"funding": {
				"url": "https://github.com/sponsors/ljharb"
			}
		},
		"packages/infrascan-cli/node_modules/is-callable": {
			"version": "1.2.7",
			"license": "MIT",
			"engines": {
				"node": ">= 0.4"
			},
			"funding": {
				"url": "https://github.com/sponsors/ljharb"
			}
		},
		"packages/infrascan-cli/node_modules/is-generator-function": {
			"version": "1.0.10",
			"license": "MIT",
			"dependencies": {
				"has-tostringtag": "^1.0.0"
			},
			"engines": {
				"node": ">= 0.4"
			},
			"funding": {
				"url": "https://github.com/sponsors/ljharb"
			}
		},
		"packages/infrascan-cli/node_modules/is-typed-array": {
			"version": "1.1.10",
			"license": "MIT",
			"dependencies": {
				"available-typed-arrays": "^1.0.5",
				"call-bind": "^1.0.2",
				"for-each": "^0.3.3",
				"gopd": "^1.0.1",
				"has-tostringtag": "^1.0.0"
			},
			"engines": {
				"node": ">= 0.4"
			},
			"funding": {
				"url": "https://github.com/sponsors/ljharb"
			}
		},
		"packages/infrascan-cli/node_modules/isarray": {
			"version": "1.0.0",
			"license": "MIT"
		},
		"packages/infrascan-cli/node_modules/jmespath": {
			"version": "0.16.0",
			"license": "Apache-2.0",
			"engines": {
				"node": ">= 0.6.0"
			}
		},
		"packages/infrascan-cli/node_modules/minimatch": {
			"version": "6.1.6",
			"license": "ISC",
			"dependencies": {
				"brace-expansion": "^2.0.1"
			},
			"engines": {
				"node": ">=10"
			},
			"funding": {
				"url": "https://github.com/sponsors/isaacs"
			}
		},
		"packages/infrascan-cli/node_modules/punycode": {
			"version": "1.3.2",
			"license": "MIT"
		},
		"packages/infrascan-cli/node_modules/querystring": {
			"version": "0.2.0",
			"engines": {
				"node": ">=0.4.x"
			}
		},
		"packages/infrascan-cli/node_modules/sax": {
			"version": "1.2.1",
			"license": "ISC"
		},
		"packages/infrascan-cli/node_modules/url": {
			"version": "0.10.3",
			"license": "MIT",
			"dependencies": {
				"punycode": "1.3.2",
				"querystring": "0.2.0"
			}
		},
		"packages/infrascan-cli/node_modules/util": {
			"version": "0.12.5",
			"license": "MIT",
			"dependencies": {
				"inherits": "^2.0.3",
				"is-arguments": "^1.0.4",
				"is-generator-function": "^1.0.7",
				"is-typed-array": "^1.1.3",
				"which-typed-array": "^1.1.2"
			}
		},
		"packages/infrascan-cli/node_modules/uuid": {
			"version": "8.0.0",
			"license": "MIT",
			"bin": {
				"uuid": "dist/bin/uuid"
			}
		},
		"packages/infrascan-cli/node_modules/which-typed-array": {
			"version": "1.1.9",
			"license": "MIT",
			"dependencies": {
				"available-typed-arrays": "^1.0.5",
				"call-bind": "^1.0.2",
				"for-each": "^0.3.3",
				"gopd": "^1.0.1",
				"has-tostringtag": "^1.0.0",
				"is-typed-array": "^1.1.10"
			},
			"engines": {
				"node": ">= 0.4"
			},
			"funding": {
				"url": "https://github.com/sponsors/ljharb"
			}
		},
		"packages/infrascan-cli/node_modules/xml2js": {
			"version": "0.4.19",
			"license": "MIT",
			"dependencies": {
				"sax": ">=0.6.0",
				"xmlbuilder": "~9.0.1"
			}
		},
		"packages/infrascan-cli/node_modules/xmlbuilder": {
			"version": "9.0.7",
			"license": "MIT",
			"engines": {
				"node": ">=4.0"
			}
		},
		"packages/infrascan-sdk": {
			"name": "@infrascan/sdk",
			"version": "0.2.6",
			"license": "MIT",
			"dependencies": {
				"aws-sdk": "^2.1236.0",
				"jmespath": "^0.16.0",
				"minimatch": "^5.1.0"
			}
		},
		"packages/infrascan-sdk/node_modules/available-typed-arrays": {
			"version": "1.0.5",
			"license": "MIT",
			"engines": {
				"node": ">= 0.4"
			},
			"funding": {
				"url": "https://github.com/sponsors/ljharb"
			}
		},
		"packages/infrascan-sdk/node_modules/aws-sdk": {
			"version": "2.1236.0",
			"license": "Apache-2.0",
			"dependencies": {
				"buffer": "4.9.2",
				"events": "1.1.1",
				"ieee754": "1.1.13",
				"jmespath": "0.16.0",
				"querystring": "0.2.0",
				"sax": "1.2.1",
				"url": "0.10.3",
				"util": "^0.12.4",
				"uuid": "8.0.0",
				"xml2js": "0.4.19"
			},
			"engines": {
				"node": ">= 10.0.0"
			}
		},
		"packages/infrascan-sdk/node_modules/balanced-match": {
			"version": "1.0.2",
			"license": "MIT"
		},
		"packages/infrascan-sdk/node_modules/base64-js": {
			"version": "1.5.1",
			"funding": [
				{
					"type": "github",
					"url": "https://github.com/sponsors/feross"
				},
				{
					"type": "patreon",
					"url": "https://www.patreon.com/feross"
				},
				{
					"type": "consulting",
					"url": "https://feross.org/support"
				}
			],
			"license": "MIT"
		},
		"packages/infrascan-sdk/node_modules/brace-expansion": {
			"version": "2.0.1",
			"license": "MIT",
			"dependencies": {
				"balanced-match": "^1.0.0"
			}
		},
		"packages/infrascan-sdk/node_modules/buffer": {
			"version": "4.9.2",
			"license": "MIT",
			"dependencies": {
				"base64-js": "^1.0.2",
				"ieee754": "^1.1.4",
				"isarray": "^1.0.0"
			}
		},
		"packages/infrascan-sdk/node_modules/call-bind": {
			"version": "1.0.2",
			"license": "MIT",
			"dependencies": {
				"function-bind": "^1.1.1",
				"get-intrinsic": "^1.0.2"
			},
			"funding": {
				"url": "https://github.com/sponsors/ljharb"
			}
		},
		"packages/infrascan-sdk/node_modules/define-properties": {
			"version": "1.1.4",
			"license": "MIT",
			"dependencies": {
				"has-property-descriptors": "^1.0.0",
				"object-keys": "^1.1.1"
			},
			"engines": {
				"node": ">= 0.4"
			},
			"funding": {
				"url": "https://github.com/sponsors/ljharb"
			}
		},
		"packages/infrascan-sdk/node_modules/es-abstract": {
			"version": "1.20.4",
			"license": "MIT",
			"dependencies": {
				"call-bind": "^1.0.2",
				"es-to-primitive": "^1.2.1",
				"function-bind": "^1.1.1",
				"function.prototype.name": "^1.1.5",
				"get-intrinsic": "^1.1.3",
				"get-symbol-description": "^1.0.0",
				"has": "^1.0.3",
				"has-property-descriptors": "^1.0.0",
				"has-symbols": "^1.0.3",
				"internal-slot": "^1.0.3",
				"is-callable": "^1.2.7",
				"is-negative-zero": "^2.0.2",
				"is-regex": "^1.1.4",
				"is-shared-array-buffer": "^1.0.2",
				"is-string": "^1.0.7",
				"is-weakref": "^1.0.2",
				"object-inspect": "^1.12.2",
				"object-keys": "^1.1.1",
				"object.assign": "^4.1.4",
				"regexp.prototype.flags": "^1.4.3",
				"safe-regex-test": "^1.0.0",
				"string.prototype.trimend": "^1.0.5",
				"string.prototype.trimstart": "^1.0.5",
				"unbox-primitive": "^1.0.2"
			},
			"engines": {
				"node": ">= 0.4"
			},
			"funding": {
				"url": "https://github.com/sponsors/ljharb"
			}
		},
		"packages/infrascan-sdk/node_modules/es-to-primitive": {
			"version": "1.2.1",
			"license": "MIT",
			"dependencies": {
				"is-callable": "^1.1.4",
				"is-date-object": "^1.0.1",
				"is-symbol": "^1.0.2"
			},
			"engines": {
				"node": ">= 0.4"
			},
			"funding": {
				"url": "https://github.com/sponsors/ljharb"
			}
		},
		"packages/infrascan-sdk/node_modules/events": {
			"version": "1.1.1",
			"license": "MIT",
			"engines": {
				"node": ">=0.4.x"
			}
		},
		"packages/infrascan-sdk/node_modules/for-each": {
			"version": "0.3.3",
			"license": "MIT",
			"dependencies": {
				"is-callable": "^1.1.3"
			}
		},
		"packages/infrascan-sdk/node_modules/function-bind": {
			"version": "1.1.1",
			"license": "MIT"
		},
		"packages/infrascan-sdk/node_modules/function.prototype.name": {
			"version": "1.1.5",
			"license": "MIT",
			"dependencies": {
				"call-bind": "^1.0.2",
				"define-properties": "^1.1.3",
				"es-abstract": "^1.19.0",
				"functions-have-names": "^1.2.2"
			},
			"engines": {
				"node": ">= 0.4"
			},
			"funding": {
				"url": "https://github.com/sponsors/ljharb"
			}
		},
		"packages/infrascan-sdk/node_modules/functions-have-names": {
			"version": "1.2.3",
			"license": "MIT",
			"funding": {
				"url": "https://github.com/sponsors/ljharb"
			}
		},
		"packages/infrascan-sdk/node_modules/get-intrinsic": {
			"version": "1.1.3",
			"license": "MIT",
			"dependencies": {
				"function-bind": "^1.1.1",
				"has": "^1.0.3",
				"has-symbols": "^1.0.3"
			},
			"funding": {
				"url": "https://github.com/sponsors/ljharb"
			}
		},
		"packages/infrascan-sdk/node_modules/get-symbol-description": {
			"version": "1.0.0",
			"license": "MIT",
			"dependencies": {
				"call-bind": "^1.0.2",
				"get-intrinsic": "^1.1.1"
			},
			"engines": {
				"node": ">= 0.4"
			},
			"funding": {
				"url": "https://github.com/sponsors/ljharb"
			}
		},
		"packages/infrascan-sdk/node_modules/has": {
			"version": "1.0.3",
			"license": "MIT",
			"dependencies": {
				"function-bind": "^1.1.1"
			},
			"engines": {
				"node": ">= 0.4.0"
			}
		},
		"packages/infrascan-sdk/node_modules/has-bigints": {
			"version": "1.0.2",
			"license": "MIT",
			"funding": {
				"url": "https://github.com/sponsors/ljharb"
			}
		},
		"packages/infrascan-sdk/node_modules/has-property-descriptors": {
			"version": "1.0.0",
			"license": "MIT",
			"dependencies": {
				"get-intrinsic": "^1.1.1"
			},
			"funding": {
				"url": "https://github.com/sponsors/ljharb"
			}
		},
		"packages/infrascan-sdk/node_modules/has-symbols": {
			"version": "1.0.3",
			"license": "MIT",
			"engines": {
				"node": ">= 0.4"
			},
			"funding": {
				"url": "https://github.com/sponsors/ljharb"
			}
		},
		"packages/infrascan-sdk/node_modules/has-tostringtag": {
			"version": "1.0.0",
			"license": "MIT",
			"dependencies": {
				"has-symbols": "^1.0.2"
			},
			"engines": {
				"node": ">= 0.4"
			},
			"funding": {
				"url": "https://github.com/sponsors/ljharb"
			}
		},
		"packages/infrascan-sdk/node_modules/ieee754": {
			"version": "1.1.13",
			"license": "BSD-3-Clause"
		},
		"packages/infrascan-sdk/node_modules/inherits": {
			"version": "2.0.4",
			"license": "ISC"
		},
		"packages/infrascan-sdk/node_modules/internal-slot": {
			"version": "1.0.3",
			"license": "MIT",
			"dependencies": {
				"get-intrinsic": "^1.1.0",
				"has": "^1.0.3",
				"side-channel": "^1.0.4"
			},
			"engines": {
				"node": ">= 0.4"
			}
		},
		"packages/infrascan-sdk/node_modules/is-arguments": {
			"version": "1.1.1",
			"license": "MIT",
			"dependencies": {
				"call-bind": "^1.0.2",
				"has-tostringtag": "^1.0.0"
			},
			"engines": {
				"node": ">= 0.4"
			},
			"funding": {
				"url": "https://github.com/sponsors/ljharb"
			}
		},
		"packages/infrascan-sdk/node_modules/is-bigint": {
			"version": "1.0.4",
			"license": "MIT",
			"dependencies": {
				"has-bigints": "^1.0.1"
			},
			"funding": {
				"url": "https://github.com/sponsors/ljharb"
			}
		},
		"packages/infrascan-sdk/node_modules/is-boolean-object": {
			"version": "1.1.2",
			"license": "MIT",
			"dependencies": {
				"call-bind": "^1.0.2",
				"has-tostringtag": "^1.0.0"
			},
			"engines": {
				"node": ">= 0.4"
			},
			"funding": {
				"url": "https://github.com/sponsors/ljharb"
			}
		},
		"packages/infrascan-sdk/node_modules/is-callable": {
			"version": "1.2.7",
			"license": "MIT",
			"engines": {
				"node": ">= 0.4"
			},
			"funding": {
				"url": "https://github.com/sponsors/ljharb"
			}
		},
		"packages/infrascan-sdk/node_modules/is-date-object": {
			"version": "1.0.5",
			"license": "MIT",
			"dependencies": {
				"has-tostringtag": "^1.0.0"
			},
			"engines": {
				"node": ">= 0.4"
			},
			"funding": {
				"url": "https://github.com/sponsors/ljharb"
			}
		},
		"packages/infrascan-sdk/node_modules/is-generator-function": {
			"version": "1.0.10",
			"license": "MIT",
			"dependencies": {
				"has-tostringtag": "^1.0.0"
			},
			"engines": {
				"node": ">= 0.4"
			},
			"funding": {
				"url": "https://github.com/sponsors/ljharb"
			}
		},
		"packages/infrascan-sdk/node_modules/is-negative-zero": {
			"version": "2.0.2",
			"license": "MIT",
			"engines": {
				"node": ">= 0.4"
			},
			"funding": {
				"url": "https://github.com/sponsors/ljharb"
			}
		},
		"packages/infrascan-sdk/node_modules/is-number-object": {
			"version": "1.0.7",
			"license": "MIT",
			"dependencies": {
				"has-tostringtag": "^1.0.0"
			},
			"engines": {
				"node": ">= 0.4"
			},
			"funding": {
				"url": "https://github.com/sponsors/ljharb"
			}
		},
		"packages/infrascan-sdk/node_modules/is-regex": {
			"version": "1.1.4",
			"license": "MIT",
			"dependencies": {
				"call-bind": "^1.0.2",
				"has-tostringtag": "^1.0.0"
			},
			"engines": {
				"node": ">= 0.4"
			},
			"funding": {
				"url": "https://github.com/sponsors/ljharb"
			}
		},
		"packages/infrascan-sdk/node_modules/is-shared-array-buffer": {
			"version": "1.0.2",
			"license": "MIT",
			"dependencies": {
				"call-bind": "^1.0.2"
			},
			"funding": {
				"url": "https://github.com/sponsors/ljharb"
			}
		},
		"packages/infrascan-sdk/node_modules/is-string": {
			"version": "1.0.7",
			"license": "MIT",
			"dependencies": {
				"has-tostringtag": "^1.0.0"
			},
			"engines": {
				"node": ">= 0.4"
			},
			"funding": {
				"url": "https://github.com/sponsors/ljharb"
			}
		},
		"packages/infrascan-sdk/node_modules/is-symbol": {
			"version": "1.0.4",
			"license": "MIT",
			"dependencies": {
				"has-symbols": "^1.0.2"
			},
			"engines": {
				"node": ">= 0.4"
			},
			"funding": {
				"url": "https://github.com/sponsors/ljharb"
			}
		},
		"packages/infrascan-sdk/node_modules/is-typed-array": {
			"version": "1.1.9",
			"license": "MIT",
			"dependencies": {
				"available-typed-arrays": "^1.0.5",
				"call-bind": "^1.0.2",
				"es-abstract": "^1.20.0",
				"for-each": "^0.3.3",
				"has-tostringtag": "^1.0.0"
			},
			"engines": {
				"node": ">= 0.4"
			},
			"funding": {
				"url": "https://github.com/sponsors/ljharb"
			}
		},
		"packages/infrascan-sdk/node_modules/is-weakref": {
			"version": "1.0.2",
			"license": "MIT",
			"dependencies": {
				"call-bind": "^1.0.2"
			},
			"funding": {
				"url": "https://github.com/sponsors/ljharb"
			}
		},
		"packages/infrascan-sdk/node_modules/isarray": {
			"version": "1.0.0",
			"license": "MIT"
		},
		"packages/infrascan-sdk/node_modules/jmespath": {
			"version": "0.16.0",
			"license": "Apache-2.0",
			"engines": {
				"node": ">= 0.6.0"
			}
		},
		"packages/infrascan-sdk/node_modules/minimatch": {
			"version": "5.1.0",
			"license": "ISC",
			"dependencies": {
				"brace-expansion": "^2.0.1"
			},
			"engines": {
				"node": ">=10"
			}
		},
		"packages/infrascan-sdk/node_modules/object-inspect": {
			"version": "1.12.2",
			"license": "MIT",
			"funding": {
				"url": "https://github.com/sponsors/ljharb"
			}
		},
		"packages/infrascan-sdk/node_modules/object-keys": {
			"version": "1.1.1",
			"license": "MIT",
			"engines": {
				"node": ">= 0.4"
			}
		},
		"packages/infrascan-sdk/node_modules/object.assign": {
			"version": "4.1.4",
			"license": "MIT",
			"dependencies": {
				"call-bind": "^1.0.2",
				"define-properties": "^1.1.4",
				"has-symbols": "^1.0.3",
				"object-keys": "^1.1.1"
			},
			"engines": {
				"node": ">= 0.4"
			},
			"funding": {
				"url": "https://github.com/sponsors/ljharb"
			}
		},
		"packages/infrascan-sdk/node_modules/punycode": {
			"version": "1.3.2",
			"license": "MIT"
		},
		"packages/infrascan-sdk/node_modules/querystring": {
			"version": "0.2.0",
			"engines": {
				"node": ">=0.4.x"
			}
		},
		"packages/infrascan-sdk/node_modules/regexp.prototype.flags": {
			"version": "1.4.3",
			"license": "MIT",
			"dependencies": {
				"call-bind": "^1.0.2",
				"define-properties": "^1.1.3",
				"functions-have-names": "^1.2.2"
			},
			"engines": {
				"node": ">= 0.4"
			},
			"funding": {
				"url": "https://github.com/sponsors/ljharb"
			}
		},
		"packages/infrascan-sdk/node_modules/safe-regex-test": {
			"version": "1.0.0",
			"license": "MIT",
			"dependencies": {
				"call-bind": "^1.0.2",
				"get-intrinsic": "^1.1.3",
				"is-regex": "^1.1.4"
			},
			"funding": {
				"url": "https://github.com/sponsors/ljharb"
			}
		},
		"packages/infrascan-sdk/node_modules/sax": {
			"version": "1.2.1",
			"license": "ISC"
		},
		"packages/infrascan-sdk/node_modules/side-channel": {
			"version": "1.0.4",
			"license": "MIT",
			"dependencies": {
				"call-bind": "^1.0.0",
				"get-intrinsic": "^1.0.2",
				"object-inspect": "^1.9.0"
			},
			"funding": {
				"url": "https://github.com/sponsors/ljharb"
			}
		},
		"packages/infrascan-sdk/node_modules/string.prototype.trimend": {
			"version": "1.0.5",
			"license": "MIT",
			"dependencies": {
				"call-bind": "^1.0.2",
				"define-properties": "^1.1.4",
				"es-abstract": "^1.19.5"
			},
			"funding": {
				"url": "https://github.com/sponsors/ljharb"
			}
		},
		"packages/infrascan-sdk/node_modules/string.prototype.trimstart": {
			"version": "1.0.5",
			"license": "MIT",
			"dependencies": {
				"call-bind": "^1.0.2",
				"define-properties": "^1.1.4",
				"es-abstract": "^1.19.5"
			},
			"funding": {
				"url": "https://github.com/sponsors/ljharb"
			}
		},
		"packages/infrascan-sdk/node_modules/unbox-primitive": {
			"version": "1.0.2",
			"license": "MIT",
			"dependencies": {
				"call-bind": "^1.0.2",
				"has-bigints": "^1.0.2",
				"has-symbols": "^1.0.3",
				"which-boxed-primitive": "^1.0.2"
			},
			"funding": {
				"url": "https://github.com/sponsors/ljharb"
			}
		},
		"packages/infrascan-sdk/node_modules/url": {
			"version": "0.10.3",
			"license": "MIT",
			"dependencies": {
				"punycode": "1.3.2",
				"querystring": "0.2.0"
			}
		},
		"packages/infrascan-sdk/node_modules/util": {
			"version": "0.12.5",
			"license": "MIT",
			"dependencies": {
				"inherits": "^2.0.3",
				"is-arguments": "^1.0.4",
				"is-generator-function": "^1.0.7",
				"is-typed-array": "^1.1.3",
				"which-typed-array": "^1.1.2"
			}
		},
		"packages/infrascan-sdk/node_modules/uuid": {
			"version": "8.0.0",
			"license": "MIT",
			"bin": {
				"uuid": "dist/bin/uuid"
			}
		},
		"packages/infrascan-sdk/node_modules/which-boxed-primitive": {
			"version": "1.0.2",
			"license": "MIT",
			"dependencies": {
				"is-bigint": "^1.0.1",
				"is-boolean-object": "^1.1.0",
				"is-number-object": "^1.0.4",
				"is-string": "^1.0.5",
				"is-symbol": "^1.0.3"
			},
			"funding": {
				"url": "https://github.com/sponsors/ljharb"
			}
		},
		"packages/infrascan-sdk/node_modules/which-typed-array": {
			"version": "1.1.8",
			"license": "MIT",
			"dependencies": {
				"available-typed-arrays": "^1.0.5",
				"call-bind": "^1.0.2",
				"es-abstract": "^1.20.0",
				"for-each": "^0.3.3",
				"has-tostringtag": "^1.0.0",
				"is-typed-array": "^1.1.9"
			},
			"engines": {
				"node": ">= 0.4"
			},
			"funding": {
				"url": "https://github.com/sponsors/ljharb"
			}
		},
		"packages/infrascan-sdk/node_modules/xml2js": {
			"version": "0.4.19",
			"license": "MIT",
			"dependencies": {
				"sax": ">=0.6.0",
				"xmlbuilder": "~9.0.1"
			}
		},
		"packages/infrascan-sdk/node_modules/xmlbuilder": {
			"version": "9.0.7",
			"license": "MIT",
			"engines": {
				"node": ">=4.0"
			}
		}
	},
	"dependencies": {
		"@infrascan/cli": {
			"version": "file:packages/infrascan-cli",
			"requires": {
				"@infrascan/sdk": "^0.2.3",
				"aws-sdk": "^2.1309.0",
				"minimatch": "^6.1.6"
			},
			"dependencies": {
				"available-typed-arrays": {
					"version": "1.0.5"
				},
				"aws-sdk": {
					"version": "2.1309.0",
					"requires": {
						"buffer": "4.9.2",
						"events": "1.1.1",
						"ieee754": "1.1.13",
						"jmespath": "0.16.0",
						"querystring": "0.2.0",
						"sax": "1.2.1",
						"url": "0.10.3",
						"util": "^0.12.4",
						"uuid": "8.0.0",
						"xml2js": "0.4.19"
					}
				},
				"balanced-match": {
					"version": "1.0.2"
				},
				"base64-js": {
					"version": "1.5.1"
				},
				"brace-expansion": {
					"version": "2.0.1",
					"requires": {
						"balanced-match": "^1.0.0"
					}
				},
				"buffer": {
					"version": "4.9.2",
					"requires": {
						"base64-js": "^1.0.2",
						"ieee754": "^1.1.4",
						"isarray": "^1.0.0"
					}
				},
				"call-bind": {
					"version": "1.0.2",
					"requires": {
						"function-bind": "^1.1.1",
						"get-intrinsic": "^1.0.2"
					}
				},
				"events": {
					"version": "1.1.1"
				},
				"for-each": {
					"version": "0.3.3",
					"requires": {
						"is-callable": "^1.1.3"
					}
				},
				"function-bind": {
					"version": "1.1.1"
				},
				"get-intrinsic": {
					"version": "1.2.0",
					"requires": {
						"function-bind": "^1.1.1",
						"has": "^1.0.3",
						"has-symbols": "^1.0.3"
					}
				},
				"gopd": {
					"version": "1.0.1",
					"requires": {
						"get-intrinsic": "^1.1.3"
					}
				},
				"has": {
					"version": "1.0.3",
					"requires": {
						"function-bind": "^1.1.1"
					}
				},
				"has-symbols": {
					"version": "1.0.3"
				},
				"has-tostringtag": {
					"version": "1.0.0",
					"requires": {
						"has-symbols": "^1.0.2"
					}
				},
				"ieee754": {
					"version": "1.1.13"
				},
				"inherits": {
					"version": "2.0.4"
				},
				"is-arguments": {
					"version": "1.1.1",
					"requires": {
						"call-bind": "^1.0.2",
						"has-tostringtag": "^1.0.0"
					}
				},
				"is-callable": {
					"version": "1.2.7"
				},
				"is-generator-function": {
					"version": "1.0.10",
					"requires": {
						"has-tostringtag": "^1.0.0"
					}
				},
				"is-typed-array": {
					"version": "1.1.10",
					"requires": {
						"available-typed-arrays": "^1.0.5",
						"call-bind": "^1.0.2",
						"for-each": "^0.3.3",
						"gopd": "^1.0.1",
						"has-tostringtag": "^1.0.0"
					}
				},
				"isarray": {
					"version": "1.0.0"
				},
				"jmespath": {
					"version": "0.16.0"
				},
				"minimatch": {
					"version": "6.1.6",
					"requires": {
						"brace-expansion": "^2.0.1"
					}
				},
				"punycode": {
					"version": "1.3.2"
				},
				"querystring": {
					"version": "0.2.0"
				},
				"sax": {
					"version": "1.2.1"
				},
				"url": {
					"version": "0.10.3",
					"requires": {
						"punycode": "1.3.2",
						"querystring": "0.2.0"
					}
				},
				"util": {
					"version": "0.12.5",
					"requires": {
						"inherits": "^2.0.3",
						"is-arguments": "^1.0.4",
						"is-generator-function": "^1.0.7",
						"is-typed-array": "^1.1.3",
						"which-typed-array": "^1.1.2"
					}
				},
				"uuid": {
					"version": "8.0.0"
				},
				"which-typed-array": {
					"version": "1.1.9",
					"requires": {
						"available-typed-arrays": "^1.0.5",
						"call-bind": "^1.0.2",
						"for-each": "^0.3.3",
						"gopd": "^1.0.1",
						"has-tostringtag": "^1.0.0",
						"is-typed-array": "^1.1.10"
					}
				},
				"xml2js": {
					"version": "0.4.19",
					"requires": {
						"sax": ">=0.6.0",
						"xmlbuilder": "~9.0.1"
					}
				},
				"xmlbuilder": {
					"version": "9.0.7"
				}
			}
		},
		"@infrascan/sdk": {
			"version": "file:packages/infrascan-sdk",
			"requires": {
				"aws-sdk": "^2.1236.0",
				"jmespath": "^0.16.0",
				"minimatch": "^5.1.0"
			},
			"dependencies": {
				"available-typed-arrays": {
					"version": "1.0.5"
				},
				"aws-sdk": {
					"version": "2.1236.0",
					"requires": {
						"buffer": "4.9.2",
						"events": "1.1.1",
						"ieee754": "1.1.13",
						"jmespath": "0.16.0",
						"querystring": "0.2.0",
						"sax": "1.2.1",
						"url": "0.10.3",
						"util": "^0.12.4",
						"uuid": "8.0.0",
						"xml2js": "0.4.19"
					}
				},
				"balanced-match": {
					"version": "1.0.2"
				},
				"base64-js": {
					"version": "1.5.1"
				},
				"brace-expansion": {
					"version": "2.0.1",
					"requires": {
						"balanced-match": "^1.0.0"
					}
				},
				"buffer": {
					"version": "4.9.2",
					"requires": {
						"base64-js": "^1.0.2",
						"ieee754": "^1.1.4",
						"isarray": "^1.0.0"
					}
				},
				"call-bind": {
					"version": "1.0.2",
					"requires": {
						"function-bind": "^1.1.1",
						"get-intrinsic": "^1.0.2"
					}
				},
				"define-properties": {
					"version": "1.1.4",
					"requires": {
						"has-property-descriptors": "^1.0.0",
						"object-keys": "^1.1.1"
					}
				},
				"es-abstract": {
					"version": "1.20.4",
					"requires": {
						"call-bind": "^1.0.2",
						"es-to-primitive": "^1.2.1",
						"function-bind": "^1.1.1",
						"function.prototype.name": "^1.1.5",
						"get-intrinsic": "^1.1.3",
						"get-symbol-description": "^1.0.0",
						"has": "^1.0.3",
						"has-property-descriptors": "^1.0.0",
						"has-symbols": "^1.0.3",
						"internal-slot": "^1.0.3",
						"is-callable": "^1.2.7",
						"is-negative-zero": "^2.0.2",
						"is-regex": "^1.1.4",
						"is-shared-array-buffer": "^1.0.2",
						"is-string": "^1.0.7",
						"is-weakref": "^1.0.2",
						"object-inspect": "^1.12.2",
						"object-keys": "^1.1.1",
						"object.assign": "^4.1.4",
						"regexp.prototype.flags": "^1.4.3",
						"safe-regex-test": "^1.0.0",
						"string.prototype.trimend": "^1.0.5",
						"string.prototype.trimstart": "^1.0.5",
						"unbox-primitive": "^1.0.2"
					}
				},
				"es-to-primitive": {
					"version": "1.2.1",
					"requires": {
						"is-callable": "^1.1.4",
						"is-date-object": "^1.0.1",
						"is-symbol": "^1.0.2"
					}
				},
				"events": {
					"version": "1.1.1"
				},
				"for-each": {
					"version": "0.3.3",
					"requires": {
						"is-callable": "^1.1.3"
					}
				},
				"function-bind": {
					"version": "1.1.1"
				},
				"function.prototype.name": {
					"version": "1.1.5",
					"requires": {
						"call-bind": "^1.0.2",
						"define-properties": "^1.1.3",
						"es-abstract": "^1.19.0",
						"functions-have-names": "^1.2.2"
					}
				},
				"functions-have-names": {
					"version": "1.2.3"
				},
				"get-intrinsic": {
					"version": "1.1.3",
					"requires": {
						"function-bind": "^1.1.1",
						"has": "^1.0.3",
						"has-symbols": "^1.0.3"
					}
				},
				"get-symbol-description": {
					"version": "1.0.0",
					"requires": {
						"call-bind": "^1.0.2",
						"get-intrinsic": "^1.1.1"
					}
				},
				"has": {
					"version": "1.0.3",
					"requires": {
						"function-bind": "^1.1.1"
					}
				},
				"has-bigints": {
					"version": "1.0.2"
				},
				"has-property-descriptors": {
					"version": "1.0.0",
					"requires": {
						"get-intrinsic": "^1.1.1"
					}
				},
				"has-symbols": {
					"version": "1.0.3"
				},
				"has-tostringtag": {
					"version": "1.0.0",
					"requires": {
						"has-symbols": "^1.0.2"
					}
				},
				"ieee754": {
					"version": "1.1.13"
				},
				"inherits": {
					"version": "2.0.4"
				},
				"internal-slot": {
					"version": "1.0.3",
					"requires": {
						"get-intrinsic": "^1.1.0",
						"has": "^1.0.3",
						"side-channel": "^1.0.4"
					}
				},
				"is-arguments": {
					"version": "1.1.1",
					"requires": {
						"call-bind": "^1.0.2",
						"has-tostringtag": "^1.0.0"
					}
				},
				"is-bigint": {
					"version": "1.0.4",
					"requires": {
						"has-bigints": "^1.0.1"
					}
				},
				"is-boolean-object": {
					"version": "1.1.2",
					"requires": {
						"call-bind": "^1.0.2",
						"has-tostringtag": "^1.0.0"
					}
				},
				"is-callable": {
					"version": "1.2.7"
				},
				"is-date-object": {
					"version": "1.0.5",
					"requires": {
						"has-tostringtag": "^1.0.0"
					}
				},
				"is-generator-function": {
					"version": "1.0.10",
					"requires": {
						"has-tostringtag": "^1.0.0"
					}
				},
				"is-negative-zero": {
					"version": "2.0.2"
				},
				"is-number-object": {
					"version": "1.0.7",
					"requires": {
						"has-tostringtag": "^1.0.0"
					}
				},
				"is-regex": {
					"version": "1.1.4",
					"requires": {
						"call-bind": "^1.0.2",
						"has-tostringtag": "^1.0.0"
					}
				},
				"is-shared-array-buffer": {
					"version": "1.0.2",
					"requires": {
						"call-bind": "^1.0.2"
					}
				},
				"is-string": {
					"version": "1.0.7",
					"requires": {
						"has-tostringtag": "^1.0.0"
					}
				},
				"is-symbol": {
					"version": "1.0.4",
					"requires": {
						"has-symbols": "^1.0.2"
					}
				},
				"is-typed-array": {
					"version": "1.1.9",
					"requires": {
						"available-typed-arrays": "^1.0.5",
						"call-bind": "^1.0.2",
						"es-abstract": "^1.20.0",
						"for-each": "^0.3.3",
						"has-tostringtag": "^1.0.0"
					}
				},
				"is-weakref": {
					"version": "1.0.2",
					"requires": {
						"call-bind": "^1.0.2"
					}
				},
				"isarray": {
					"version": "1.0.0"
				},
				"jmespath": {
					"version": "0.16.0"
				},
				"minimatch": {
					"version": "5.1.0",
					"requires": {
						"brace-expansion": "^2.0.1"
					}
				},
				"object-inspect": {
					"version": "1.12.2"
				},
				"object-keys": {
					"version": "1.1.1"
				},
				"object.assign": {
					"version": "4.1.4",
					"requires": {
						"call-bind": "^1.0.2",
						"define-properties": "^1.1.4",
						"has-symbols": "^1.0.3",
						"object-keys": "^1.1.1"
					}
				},
				"punycode": {
					"version": "1.3.2"
				},
				"querystring": {
					"version": "0.2.0"
				},
				"regexp.prototype.flags": {
					"version": "1.4.3",
					"requires": {
						"call-bind": "^1.0.2",
						"define-properties": "^1.1.3",
						"functions-have-names": "^1.2.2"
					}
				},
				"safe-regex-test": {
					"version": "1.0.0",
					"requires": {
						"call-bind": "^1.0.2",
						"get-intrinsic": "^1.1.3",
						"is-regex": "^1.1.4"
					}
				},
				"sax": {
					"version": "1.2.1"
				},
				"side-channel": {
					"version": "1.0.4",
					"requires": {
						"call-bind": "^1.0.0",
						"get-intrinsic": "^1.0.2",
						"object-inspect": "^1.9.0"
					}
				},
				"string.prototype.trimend": {
					"version": "1.0.5",
					"requires": {
						"call-bind": "^1.0.2",
						"define-properties": "^1.1.4",
						"es-abstract": "^1.19.5"
					}
				},
				"string.prototype.trimstart": {
					"version": "1.0.5",
					"requires": {
						"call-bind": "^1.0.2",
						"define-properties": "^1.1.4",
						"es-abstract": "^1.19.5"
					}
				},
				"unbox-primitive": {
					"version": "1.0.2",
					"requires": {
						"call-bind": "^1.0.2",
						"has-bigints": "^1.0.2",
						"has-symbols": "^1.0.3",
						"which-boxed-primitive": "^1.0.2"
					}
				},
				"url": {
					"version": "0.10.3",
					"requires": {
						"punycode": "1.3.2",
						"querystring": "0.2.0"
					}
				},
				"util": {
					"version": "0.12.5",
					"requires": {
						"inherits": "^2.0.3",
						"is-arguments": "^1.0.4",
						"is-generator-function": "^1.0.7",
						"is-typed-array": "^1.1.3",
						"which-typed-array": "^1.1.2"
					}
				},
				"uuid": {
					"version": "8.0.0"
				},
				"which-boxed-primitive": {
					"version": "1.0.2",
					"requires": {
						"is-bigint": "^1.0.1",
						"is-boolean-object": "^1.1.0",
						"is-number-object": "^1.0.4",
						"is-string": "^1.0.5",
						"is-symbol": "^1.0.3"
					}
				},
				"which-typed-array": {
					"version": "1.1.8",
					"requires": {
						"available-typed-arrays": "^1.0.5",
						"call-bind": "^1.0.2",
						"es-abstract": "^1.20.0",
						"for-each": "^0.3.3",
						"has-tostringtag": "^1.0.0",
						"is-typed-array": "^1.1.9"
					}
				},
				"xml2js": {
					"version": "0.4.19",
					"requires": {
						"sax": ">=0.6.0",
						"xmlbuilder": "~9.0.1"
					}
				},
				"xmlbuilder": {
					"version": "9.0.7"
				}
			}
		},
		"turbo": {
			"version": "1.9.9",
			"resolved": "https://registry.npmjs.org/turbo/-/turbo-1.9.9.tgz",
			"integrity": "sha512-+ZS66LOT7ahKHxh6XrIdcmf2Yk9mNpAbPEj4iF2cs0cAeaDU3xLVPZFF0HbSho89Uxwhx7b5HBgPbdcjQTwQkg==",
			"dev": true,
			"requires": {
				"turbo-darwin-64": "1.9.9",
				"turbo-darwin-arm64": "1.9.9",
				"turbo-linux-64": "1.9.9",
				"turbo-linux-arm64": "1.9.9",
				"turbo-windows-64": "1.9.9",
				"turbo-windows-arm64": "1.9.9"
			}
		},
		"turbo-darwin-64": {
			"version": "1.9.9",
			"dev": true,
			"optional": true
		},
		"turbo-darwin-arm64": {
			"version": "1.9.9",
			"resolved": "https://registry.npmjs.org/turbo-darwin-arm64/-/turbo-darwin-arm64-1.9.9.tgz",
			"integrity": "sha512-VyfkXzTJpYLTAQ9krq2myyEq7RPObilpS04lgJ4OO1piq76RNmSpX9F/t9JCaY9Pj/4TL7i0d8PM7NGhwEA5Ag==",
			"dev": true,
			"optional": true
		},
		"turbo-linux-64": {
			"version": "1.9.9",
			"resolved": "https://registry.npmjs.org/turbo-linux-64/-/turbo-linux-64-1.9.9.tgz",
			"integrity": "sha512-Fu1MY29Odg8dHOqXcpIIGC3T63XLOGgnGfbobXMKdrC7JQDvtJv8TUCYciRsyknZYjyyKK1z6zKuYIiDjf3KeQ==",
			"dev": true,
			"optional": true
		},
		"turbo-linux-arm64": {
			"version": "1.9.9",
			"resolved": "https://registry.npmjs.org/turbo-linux-arm64/-/turbo-linux-arm64-1.9.9.tgz",
			"integrity": "sha512-50LI8NafPuJxdnMCBeDdzgyt1cgjQG7FwkyY336v4e95WJPUVjrHdrKH6jYXhOUyrv9+jCJxwX1Yrg02t5yJ1g==",
			"dev": true,
			"optional": true
		},
		"turbo-windows-64": {
			"version": "1.9.9",
			"resolved": "https://registry.npmjs.org/turbo-windows-64/-/turbo-windows-64-1.9.9.tgz",
			"integrity": "sha512-9IsTReoLmQl1IRsy3WExe2j2RKWXQyXujfJ4fXF+jp08KxjVF4/tYP2CIRJx/A7UP/7keBta27bZqzAjsmbSTA==",
			"dev": true,
			"optional": true
		},
		"turbo-windows-arm64": {
			"version": "1.9.9",
			"resolved": "https://registry.npmjs.org/turbo-windows-arm64/-/turbo-windows-arm64-1.9.9.tgz",
			"integrity": "sha512-CUu4hpeQo68JjDr0V0ygTQRLbS+/sNfdqEVV+Xz9136vpKn2WMQLAuUBVZV0Sp0S/7i+zGnplskT0fED+W46wQ==",
			"dev": true,
			"optional": true
		}
	}
}
