{
	"name": "@infrascan/cli",
	"version": "1.0.0",
	"lockfileVersion": 2,
	"requires": true,
	"packages": {
		"": {
			"name": "@infrascan/cli",
			"version": "1.0.0",
			"license": "ISC",
			"dependencies": {
				"@infrascan/sdk": "file://../infrascan-sdk"
			}
		},
		"../../../../../infrascan-sdk": {},
		"node_modules/@infrascan/sdk": {
			"resolved": "../../../../../infrascan-sdk",
			"link": true
		}
	},
	"dependencies": {
		"@infrascan/sdk": {
			"version": "file:../../../../../infrascan-sdk"
		}
	}
}
